
Microsoft Visual Studio Solution File, Format Version 12.00
# Visual Studio Version 16
VisualStudioVersion = 16.0.29025.244
MinimumVisualStudioVersion = 10.0.40219.1
Project("{CC5FD16D-436D-48AD-A40C-5A424C6E3E79}") = "AFF.POC", "AFF.POC\AFF.POC.ccproj", "{1F124B1D-5180-4665-895F-B5FB5AED1D0F}"
EndProject
Project("{FAE04EC0-301F-11D3-BF4B-00C04F79EFBC}") = "AFF.WebRole", "AFF.WebRole\AFF.WebRole.csproj", "{F87272D3-0DE0-44D0-9D76-5E7C5F0A95BC}"
EndProject
Project("{FAE04EC0-301F-11D3-BF4B-00C04F79EFBC}") = "AFF.WebRole.Tests", "AFF.WebRole.Tests\AFF.WebRole.Tests.csproj", "{65C0DA20-D2B7-453A-8034-F607556F2852}"
EndProject
Global
	GlobalSection(SolutionConfigurationPlatforms) = preSolution
		Debug|Any CPU = Debug|Any CPU
		Release|Any CPU = Release|Any CPU
	EndGlobalSection
	GlobalSection(ProjectConfigurationPlatforms) = postSolution
		{1F124B1D-5180-4665-895F-B5FB5AED1D0F}.Debug|Any CPU.ActiveCfg = Debug|Any CPU
		{1F124B1D-5180-4665-895F-B5FB5AED1D0F}.Debug|Any CPU.Build.0 = Debug|Any CPU
		{1F124B1D-5180-4665-895F-B5FB5AED1D0F}.Release|Any CPU.ActiveCfg = Release|Any CPU
		{1F124B1D-5180-4665-895F-B5FB5AED1D0F}.Release|Any CPU.Build.0 = Release|Any CPU
		{F87272D3-0DE0-44D0-9D76-5E7C5F0A95BC}.Debug|Any CPU.ActiveCfg = Debug|Any CPU
		{F87272D3-0DE0-44D0-9D76-5E7C5F0A95BC}.Debug|Any CPU.Build.0 = Debug|Any CPU
		{F87272D3-0DE0-44D0-9D76-5E7C5F0A95BC}.Release|Any CPU.ActiveCfg = Release|Any CPU
		{F87272D3-0DE0-44D0-9D76-5E7C5F0A95BC}.Release|Any CPU.Build.0 = Release|Any CPU
		{65C0DA20-D2B7-453A-8034-F607556F2852}.Debug|Any CPU.ActiveCfg = Debug|Any CPU
		{65C0DA20-D2B7-453A-8034-F607556F2852}.Debug|Any CPU.Build.0 = Debug|Any CPU
		{65C0DA20-D2B7-453A-8034-F607556F2852}.Release|Any CPU.ActiveCfg = Release|Any CPU
		{65C0DA20-D2B7-453A-8034-F607556F2852}.Release|Any CPU.Build.0 = Release|Any CPU
	EndGlobalSection
	GlobalSection(SolutionProperties) = preSolution
		HideSolutionNode = FALSE
	EndGlobalSection
	GlobalSection(ExtensibilityGlobals) = postSolution
		SolutionGuid = {D2CEA0B2-131F-4050-8B54-600BC760C00C}
	EndGlobalSection
EndGlobal
